// !$*UTF8*$!
{
	archiveVersion = 1;
	classes = {
	};
	objectVersion = 50;
	objects = {

/* Begin PBXBuildFile section */
		4419CDDE22CB35B7001FEAAA /* FriendsController.swift in Sources */ = {isa = PBXBuildFile; fileRef = 4419CDDD22CB35B7001FEAAA /* FriendsController.swift */; };
		4419CDE022CB3700001FEAAA /* GroupsController.swift in Sources */ = {isa = PBXBuildFile; fileRef = 4419CDDF22CB3700001FEAAA /* GroupsController.swift */; };
		4419CDE222CB4059001FEAAA /* FriendsPhotosController.swift in Sources */ = {isa = PBXBuildFile; fileRef = 4419CDE122CB4059001FEAAA /* FriendsPhotosController.swift */; };
		44462CD722D1442D00F4C1AF /* FriendCell.swift in Sources */ = {isa = PBXBuildFile; fileRef = 44462CD622D1442D00F4C1AF /* FriendCell.swift */; };
		44462CD922D1446B00F4C1AF /* FriendPhotoCell.swift in Sources */ = {isa = PBXBuildFile; fileRef = 44462CD822D1446B00F4C1AF /* FriendPhotoCell.swift */; };
		44462CDD22D144DF00F4C1AF /* GroupCell.swift in Sources */ = {isa = PBXBuildFile; fileRef = 44462CDC22D144DF00F4C1AF /* GroupCell.swift */; };
		44709FDC22D36DFB000BA19B /* ViewPhotoController.swift in Sources */ = {isa = PBXBuildFile; fileRef = 44709FDB22D36DFB000BA19B /* ViewPhotoController.swift */; };
		449575BE22CAA2C000B94D0C /* Friends.storyboard in Resources */ = {isa = PBXBuildFile; fileRef = 449575BD22CAA2C000B94D0C /* Friends.storyboard */; };
		449575C022CAA2C900B94D0C /* Groups.storyboard in Resources */ = {isa = PBXBuildFile; fileRef = 449575BF22CAA2C900B94D0C /* Groups.storyboard */; };
		449DBBFD22CFF4F800E5FD96 /* User.swift in Sources */ = {isa = PBXBuildFile; fileRef = 449DBBFC22CFF4F800E5FD96 /* User.swift */; };
		449DBBFF22CFF4FF00E5FD96 /* Group.swift in Sources */ = {isa = PBXBuildFile; fileRef = 449DBBFE22CFF4FF00E5FD96 /* Group.swift */; };
		44A6D53222CB463A003869AF /* GroupsSearchController.swift in Sources */ = {isa = PBXBuildFile; fileRef = 44A6D53122CB463A003869AF /* GroupsSearchController.swift */; };
		44D3E92922C65EFF003D8586 /* AppDelegate.swift in Sources */ = {isa = PBXBuildFile; fileRef = 44D3E92822C65EFF003D8586 /* AppDelegate.swift */; };
		44D3E92B22C65EFF003D8586 /* LoginController.swift in Sources */ = {isa = PBXBuildFile; fileRef = 44D3E92A22C65EFF003D8586 /* LoginController.swift */; };
		44D3E92E22C65EFF003D8586 /* Main.storyboard in Resources */ = {isa = PBXBuildFile; fileRef = 44D3E92C22C65EFF003D8586 /* Main.storyboard */; };
		44D3E93022C65F03003D8586 /* Assets.xcassets in Resources */ = {isa = PBXBuildFile; fileRef = 44D3E92F22C65F03003D8586 /* Assets.xcassets */; };
		44D3E93322C65F03003D8586 /* LaunchScreen.storyboard in Resources */ = {isa = PBXBuildFile; fileRef = 44D3E93122C65F03003D8586 /* LaunchScreen.storyboard */; };
/* End PBXBuildFile section */

/* Begin PBXFileReference section */
		4419CDDD22CB35B7001FEAAA /* FriendsController.swift */ = {isa = PBXFileReference; lastKnownFileType = sourcecode.swift; path = FriendsController.swift; sourceTree = "<group>"; };
		4419CDDF22CB3700001FEAAA /* GroupsController.swift */ = {isa = PBXFileReference; lastKnownFileType = sourcecode.swift; path = GroupsController.swift; sourceTree = "<group>"; };
		4419CDE122CB4059001FEAAA /* FriendsPhotosController.swift */ = {isa = PBXFileReference; lastKnownFileType = sourcecode.swift; path = FriendsPhotosController.swift; sourceTree = "<group>"; };
		44462CD622D1442D00F4C1AF /* FriendCell.swift */ = {isa = PBXFileReference; lastKnownFileType = sourcecode.swift; path = FriendCell.swift; sourceTree = "<group>"; };
		44462CD822D1446B00F4C1AF /* FriendPhotoCell.swift */ = {isa = PBXFileReference; lastKnownFileType = sourcecode.swift; path = FriendPhotoCell.swift; sourceTree = "<group>"; };
		44462CDC22D144DF00F4C1AF /* GroupCell.swift */ = {isa = PBXFileReference; lastKnownFileType = sourcecode.swift; path = GroupCell.swift; sourceTree = "<group>"; };
		44709FDB22D36DFB000BA19B /* ViewPhotoController.swift */ = {isa = PBXFileReference; lastKnownFileType = sourcecode.swift; path = ViewPhotoController.swift; sourceTree = "<group>"; };
		449575BD22CAA2C000B94D0C /* Friends.storyboard */ = {isa = PBXFileReference; lastKnownFileType = file.storyboard; path = Friends.storyboard; sourceTree = "<group>"; };
		449575BF22CAA2C900B94D0C /* Groups.storyboard */ = {isa = PBXFileReference; lastKnownFileType = file.storyboard; path = Groups.storyboard; sourceTree = "<group>"; };
		449DBBFC22CFF4F800E5FD96 /* User.swift */ = {isa = PBXFileReference; lastKnownFileType = sourcecode.swift; path = User.swift; sourceTree = "<group>"; };
		449DBBFE22CFF4FF00E5FD96 /* Group.swift */ = {isa = PBXFileReference; lastKnownFileType = sourcecode.swift; path = Group.swift; sourceTree = "<group>"; };
		44A6D53122CB463A003869AF /* GroupsSearchController.swift */ = {isa = PBXFileReference; lastKnownFileType = sourcecode.swift; path = GroupsSearchController.swift; sourceTree = "<group>"; };
		44D3E92522C65EFF003D8586 /* vkClient.app */ = {isa = PBXFileReference; explicitFileType = wrapper.application; includeInIndex = 0; path = vkClient.app; sourceTree = BUILT_PRODUCTS_DIR; };
		44D3E92822C65EFF003D8586 /* AppDelegate.swift */ = {isa = PBXFileReference; lastKnownFileType = sourcecode.swift; path = AppDelegate.swift; sourceTree = "<group>"; };
		44D3E92A22C65EFF003D8586 /* LoginController.swift */ = {isa = PBXFileReference; lastKnownFileType = sourcecode.swift; path = LoginController.swift; sourceTree = "<group>"; };
		44D3E92D22C65EFF003D8586 /* Base */ = {isa = PBXFileReference; lastKnownFileType = file.storyboard; name = Base; path = Base.lproj/Main.storyboard; sourceTree = "<group>"; };
		44D3E92F22C65F03003D8586 /* Assets.xcassets */ = {isa = PBXFileReference; lastKnownFileType = folder.assetcatalog; name = Assets.xcassets; path = vkClient/Assets.xcassets; sourceTree = "<group>"; };
		44D3E93222C65F03003D8586 /* Base */ = {isa = PBXFileReference; lastKnownFileType = file.storyboard; name = Base; path = Base.lproj/LaunchScreen.storyboard; sourceTree = "<group>"; };
		44D3E93422C65F03003D8586 /* Info.plist */ = {isa = PBXFileReference; lastKnownFileType = text.plist.xml; name = Info.plist; path = vkClient/Info.plist; sourceTree = "<group>"; };
/* End PBXFileReference section */

/* Begin PBXFrameworksBuildPhase section */
		44D3E92222C65EFF003D8586 /* Frameworks */ = {
			isa = PBXFrameworksBuildPhase;
			buildActionMask = 2147483647;
			files = (
			);
			runOnlyForDeploymentPostprocessing = 0;
		};
/* End PBXFrameworksBuildPhase section */

/* Begin PBXGroup section */
		4419CDE322CB4538001FEAAA /* Controller */ = {
			isa = PBXGroup;
			children = (
				44D3E92A22C65EFF003D8586 /* LoginController.swift */,
				4419CDDD22CB35B7001FEAAA /* FriendsController.swift */,
				4419CDE122CB4059001FEAAA /* FriendsPhotosController.swift */,
				44709FDB22D36DFB000BA19B /* ViewPhotoController.swift */,
				4419CDDF22CB3700001FEAAA /* GroupsController.swift */,
				44A6D53122CB463A003869AF /* GroupsSearchController.swift */,
			);
			path = Controller;
			sourceTree = "<group>";
		};
		44462CDE22D1521E00F4C1AF /* Storyboards */ = {
			isa = PBXGroup;
			children = (
				44D3E92C22C65EFF003D8586 /* Main.storyboard */,
				449575BD22CAA2C000B94D0C /* Friends.storyboard */,
				449575BF22CAA2C900B94D0C /* Groups.storyboard */,
				44D3E93122C65F03003D8586 /* LaunchScreen.storyboard */,
			);
			path = Storyboards;
			sourceTree = "<group>";
		};
		44462CDF22D1522B00F4C1AF /* Cells */ = {
			isa = PBXGroup;
			children = (
				44462CD622D1442D00F4C1AF /* FriendCell.swift */,
				44462CD822D1446B00F4C1AF /* FriendPhotoCell.swift */,
				44462CDC22D144DF00F4C1AF /* GroupCell.swift */,
			);
			path = Cells;
			sourceTree = "<group>";
		};
		44A6D53322CB4645003869AF /* View */ = {
			isa = PBXGroup;
			children = (
				44462CDE22D1521E00F4C1AF /* Storyboards */,
				44462CDF22D1522B00F4C1AF /* Cells */,
			);
			path = View;
			sourceTree = "<group>";
		};
		44D3E91C22C65EFF003D8586 = {
			isa = PBXGroup;
			children = (
				44D3E92722C65EFF003D8586 /* vkClient */,
				44D3E92F22C65F03003D8586 /* Assets.xcassets */,
				44D3E93422C65F03003D8586 /* Info.plist */,
				44D3E92622C65EFF003D8586 /* Products */,
			);
			sourceTree = "<group>";
		};
		44D3E92622C65EFF003D8586 /* Products */ = {
			isa = PBXGroup;
			children = (
				44D3E92522C65EFF003D8586 /* vkClient.app */,
			);
			name = Products;
			sourceTree = "<group>";
		};
		44D3E92722C65EFF003D8586 /* vkClient */ = {
			isa = PBXGroup;
			children = (
				44D3E92822C65EFF003D8586 /* AppDelegate.swift */,
				4419CDE322CB4538001FEAAA /* Controller */,
				44A6D53322CB4645003869AF /* View */,
				44EE03BF22CFF48600029D16 /* Model */,
			);
			path = vkClient;
			sourceTree = "<group>";
		};
		44EE03BF22CFF48600029D16 /* Model */ = {
			isa = PBXGroup;
			children = (
				449DBBFC22CFF4F800E5FD96 /* User.swift */,
				449DBBFE22CFF4FF00E5FD96 /* Group.swift */,
			);
			path = Model;
			sourceTree = "<group>";
		};
/* End PBXGroup section */

/* Begin PBXNativeTarget section */
		44D3E92422C65EFF003D8586 /* vkClient */ = {
			isa = PBXNativeTarget;
			buildConfigurationList = 44D3E93722C65F03003D8586 /* Build configuration list for PBXNativeTarget "vkClient" */;
			buildPhases = (
				44D3E92122C65EFF003D8586 /* Sources */,
				44D3E92222C65EFF003D8586 /* Frameworks */,
				44D3E92322C65EFF003D8586 /* Resources */,
			);
			buildRules = (
			);
			dependencies = (
			);
			name = vkClient;
			productName = vkClient;
			productReference = 44D3E92522C65EFF003D8586 /* vkClient.app */;
			productType = "com.apple.product-type.application";
		};
/* End PBXNativeTarget section */

/* Begin PBXProject section */
		44D3E91D22C65EFF003D8586 /* Project object */ = {
			isa = PBXProject;
			attributes = {
				KnownAssetTags = (
					1,
					login,
				);
				LastSwiftUpdateCheck = 1020;
				LastUpgradeCheck = 1020;
				ORGANIZATIONNAME = "Ruslan Guseynov";
				TargetAttributes = {
					44D3E92422C65EFF003D8586 = {
						CreatedOnToolsVersion = 10.2.1;
					};
				};
			};
			buildConfigurationList = 44D3E92022C65EFF003D8586 /* Build configuration list for PBXProject "vkClient" */;
			compatibilityVersion = "Xcode 9.3";
			developmentRegion = en;
			hasScannedForEncodings = 0;
			knownRegions = (
				en,
				Base,
			);
			mainGroup = 44D3E91C22C65EFF003D8586;
			productRefGroup = 44D3E92622C65EFF003D8586 /* Products */;
			projectDirPath = "";
			projectRoot = "";
			targets = (
				44D3E92422C65EFF003D8586 /* vkClient */,
			);
		};
/* End PBXProject section */

/* Begin PBXResourcesBuildPhase section */
		44D3E92322C65EFF003D8586 /* Resources */ = {
			isa = PBXResourcesBuildPhase;
			buildActionMask = 2147483647;
			files = (
				449575C022CAA2C900B94D0C /* Groups.storyboard in Resources */,
				449575BE22CAA2C000B94D0C /* Friends.storyboard in Resources */,
				44D3E93322C65F03003D8586 /* LaunchScreen.storyboard in Resources */,
				44D3E93022C65F03003D8586 /* Assets.xcassets in Resources */,
				44D3E92E22C65EFF003D8586 /* Main.storyboard in Resources */,
			);
			runOnlyForDeploymentPostprocessing = 0;
		};
/* End PBXResourcesBuildPhase section */

/* Begin PBXSourcesBuildPhase section */
		44D3E92122C65EFF003D8586 /* Sources */ = {
			isa = PBXSourcesBuildPhase;
			buildActionMask = 2147483647;
			files = (
				44462CD922D1446B00F4C1AF /* FriendPhotoCell.swift in Sources */,
				44709FDC22D36DFB000BA19B /* ViewPhotoController.swift in Sources */,
				44462CD722D1442D00F4C1AF /* FriendCell.swift in Sources */,
				44462CDD22D144DF00F4C1AF /* GroupCell.swift in Sources */,
				44D3E92B22C65EFF003D8586 /* LoginController.swift in Sources */,
				44A6D53222CB463A003869AF /* GroupsSearchController.swift in Sources */,
				4419CDE022CB3700001FEAAA /* GroupsController.swift in Sources */,
				449DBBFF22CFF4FF00E5FD96 /* Group.swift in Sources */,
				4419CDDE22CB35B7001FEAAA /* FriendsController.swift in Sources */,
				44D3E92922C65EFF003D8586 /* AppDelegate.swift in Sources */,
				4419CDE222CB4059001FEAAA /* FriendsPhotosController.swift in Sources */,
				449DBBFD22CFF4F800E5FD96 /* User.swift in Sources */,
			);
			runOnlyForDeploymentPostprocessing = 0;
		};
/* End PBXSourcesBuildPhase section */

/* Begin PBXVariantGroup section */
		44D3E92C22C65EFF003D8586 /* Main.storyboard */ = {
			isa = PBXVariantGroup;
			children = (
				44D3E92D22C65EFF003D8586 /* Base */,
			);
			name = Main.storyboard;
			sourceTree = "<group>";
		};
		44D3E93122C65F03003D8586 /* LaunchScreen.storyboard */ = {
			isa = PBXVariantGroup;
			children = (
				44D3E93222C65F03003D8586 /* Base */,
			);
			name = LaunchScreen.storyboard;
			sourceTree = "<group>";
		};
/* End PBXVariantGroup section */

/* Begin XCBuildConfiguration section */
		44D3E93522C65F03003D8586 /* Debug */ = {
			isa = XCBuildConfiguration;
			buildSettings = {
				ALWAYS_SEARCH_USER_PATHS = NO;
				CLANG_ANALYZER_NONNULL = YES;
				CLANG_ANALYZER_NUMBER_OBJECT_CONVERSION = YES_AGGRESSIVE;
				CLANG_CXX_LANGUAGE_STANDARD = "gnu++14";
				CLANG_CXX_LIBRARY = "libc++";
				CLANG_ENABLE_MODULES = YES;
				CLANG_ENABLE_OBJC_ARC = YES;
				CLANG_ENABLE_OBJC_WEAK = YES;
				CLANG_WARN_BLOCK_CAPTURE_AUTORELEASING = YES;
				CLANG_WARN_BOOL_CONVERSION = YES;
				CLANG_WARN_COMMA = YES;
				CLANG_WARN_CONSTANT_CONVERSION = YES;
				CLANG_WARN_DEPRECATED_OBJC_IMPLEMENTATIONS = YES;
				CLANG_WARN_DIRECT_OBJC_ISA_USAGE = YES_ERROR;
				CLANG_WARN_DOCUMENTATION_COMMENTS = YES;
				CLANG_WARN_EMPTY_BODY = YES;
				CLANG_WARN_ENUM_CONVERSION = YES;
				CLANG_WARN_INFINITE_RECURSION = YES;
				CLANG_WARN_INT_CONVERSION = YES;
				CLANG_WARN_NON_LITERAL_NULL_CONVERSION = YES;
				CLANG_WARN_OBJC_IMPLICIT_RETAIN_SELF = YES;
				CLANG_WARN_OBJC_LITERAL_CONVERSION = YES;
				CLANG_WARN_OBJC_ROOT_CLASS = YES_ERROR;
				CLANG_WARN_RANGE_LOOP_ANALYSIS = YES;
				CLANG_WARN_STRICT_PROTOTYPES = YES;
				CLANG_WARN_SUSPICIOUS_MOVE = YES;
				CLANG_WARN_UNGUARDED_AVAILABILITY = YES_AGGRESSIVE;
				CLANG_WARN_UNREACHABLE_CODE = YES;
				CLANG_WARN__DUPLICATE_METHOD_MATCH = YES;
				CODE_SIGN_IDENTITY = "iPhone Developer";
				COPY_PHASE_STRIP = NO;
				DEBUG_INFORMATION_FORMAT = dwarf;
				ENABLE_STRICT_OBJC_MSGSEND = YES;
				ENABLE_TESTABILITY = YES;
				GCC_C_LANGUAGE_STANDARD = gnu11;
				GCC_DYNAMIC_NO_PIC = NO;
				GCC_NO_COMMON_BLOCKS = YES;
				GCC_OPTIMIZATION_LEVEL = 0;
				GCC_PREPROCESSOR_DEFINITIONS = (
					"DEBUG=1",
					"$(inherited)",
				);
				GCC_WARN_64_TO_32_BIT_CONVERSION = YES;
				GCC_WARN_ABOUT_RETURN_TYPE = YES_ERROR;
				GCC_WARN_UNDECLARED_SELECTOR = YES;
				GCC_WARN_UNINITIALIZED_AUTOS = YES_AGGRESSIVE;
				GCC_WARN_UNUSED_FUNCTION = YES;
				GCC_WARN_UNUSED_VARIABLE = YES;
				IPHONEOS_DEPLOYMENT_TARGET = 12.2;
				MTL_ENABLE_DEBUG_INFO = INCLUDE_SOURCE;
				MTL_FAST_MATH = YES;
				ONLY_ACTIVE_ARCH = YES;
				SDKROOT = iphoneos;
				SWIFT_ACTIVE_COMPILATION_CONDITIONS = DEBUG;
				SWIFT_OPTIMIZATION_LEVEL = "-Onone";
			};
			name = Debug;
		};
		44D3E93622C65F03003D8586 /* Release */ = {
			isa = XCBuildConfiguration;
			buildSettings = {
				ALWAYS_SEARCH_USER_PATHS = NO;
				CLANG_ANALYZER_NONNULL = YES;
				CLANG_ANALYZER_NUMBER_OBJECT_CONVERSION = YES_AGGRESSIVE;
				CLANG_CXX_LANGUAGE_STANDARD = "gnu++14";
				CLANG_CXX_LIBRARY = "libc++";
				CLANG_ENABLE_MODULES = YES;
				CLANG_ENABLE_OBJC_ARC = YES;
				CLANG_ENABLE_OBJC_WEAK = YES;
				CLANG_WARN_BLOCK_CAPTURE_AUTORELEASING = YES;
				CLANG_WARN_BOOL_CONVERSION = YES;
				CLANG_WARN_COMMA = YES;
				CLANG_WARN_CONSTANT_CONVERSION = YES;
				CLANG_WARN_DEPRECATED_OBJC_IMPLEMENTATIONS = YES;
				CLANG_WARN_DIRECT_OBJC_ISA_USAGE = YES_ERROR;
				CLANG_WARN_DOCUMENTATION_COMMENTS = YES;
				CLANG_WARN_EMPTY_BODY = YES;
				CLANG_WARN_ENUM_CONVERSION = YES;
				CLANG_WARN_INFINITE_RECURSION = YES;
				CLANG_WARN_INT_CONVERSION = YES;
				CLANG_WARN_NON_LITERAL_NULL_CONVERSION = YES;
				CLANG_WARN_OBJC_IMPLICIT_RETAIN_SELF = YES;
				CLANG_WARN_OBJC_LITERAL_CONVERSION = YES;
				CLANG_WARN_OBJC_ROOT_CLASS = YES_ERROR;
				CLANG_WARN_RANGE_LOOP_ANALYSIS = YES;
				CLANG_WARN_STRICT_PROTOTYPES = YES;
				CLANG_WARN_SUSPICIOUS_MOVE = YES;
				CLANG_WARN_UNGUARDED_AVAILABILITY = YES_AGGRESSIVE;
				CLANG_WARN_UNREACHABLE_CODE = YES;
				CLANG_WARN__DUPLICATE_METHOD_MATCH = YES;
				CODE_SIGN_IDENTITY = "iPhone Developer";
				COPY_PHASE_STRIP = NO;
				DEBUG_INFORMATION_FORMAT = "dwarf-with-dsym";
				ENABLE_NS_ASSERTIONS = NO;
				ENABLE_STRICT_OBJC_MSGSEND = YES;
				GCC_C_LANGUAGE_STANDARD = gnu11;
				GCC_NO_COMMON_BLOCKS = YES;
				GCC_WARN_64_TO_32_BIT_CONVERSION = YES;
				GCC_WARN_ABOUT_RETURN_TYPE = YES_ERROR;
				GCC_WARN_UNDECLARED_SELECTOR = YES;
				GCC_WARN_UNINITIALIZED_AUTOS = YES_AGGRESSIVE;
				GCC_WARN_UNUSED_FUNCTION = YES;
				GCC_WARN_UNUSED_VARIABLE = YES;
				IPHONEOS_DEPLOYMENT_TARGET = 12.2;
				MTL_ENABLE_DEBUG_INFO = NO;
				MTL_FAST_MATH = YES;
				SDKROOT = iphoneos;
				SWIFT_COMPILATION_MODE = wholemodule;
				SWIFT_OPTIMIZATION_LEVEL = "-O";
				VALIDATE_PRODUCT = YES;
			};
			name = Release;
		};
		44D3E93822C65F03003D8586 /* Debug */ = {
			isa = XCBuildConfiguration;
			buildSettings = {
				ASSETCATALOG_COMPILER_APPICON_NAME = AppIcon;
				CODE_SIGN_STYLE = Automatic;
				DEVELOPMENT_TEAM = EC7Q35723G;
				INFOPLIST_FILE = vkClient/Info.plist;
				LD_RUNPATH_SEARCH_PATHS = (
					"$(inherited)",
					"@executable_path/Frameworks",
				);
				PRODUCT_BUNDLE_IDENTIFIER = com.ruslanguseynov.vkClient;
				PRODUCT_NAME = "$(TARGET_NAME)";
				SWIFT_VERSION = 5.0;
				TARGETED_DEVICE_FAMILY = "1,2";
			};
			name = Debug;
		};
		44D3E93922C65F03003D8586 /* Release */ = {
			isa = XCBuildConfiguration;
			buildSettings = {
				ASSETCATALOG_COMPILER_APPICON_NAME = AppIcon;
				CODE_SIGN_STYLE = Automatic;
				DEVELOPMENT_TEAM = EC7Q35723G;
				INFOPLIST_FILE = vkClient/Info.plist;
				LD_RUNPATH_SEARCH_PATHS = (
					"$(inherited)",
					"@executable_path/Frameworks",
				);
				PRODUCT_BUNDLE_IDENTIFIER = com.ruslanguseynov.vkClient;
				PRODUCT_NAME = "$(TARGET_NAME)";
				SWIFT_VERSION = 5.0;
				TARGETED_DEVICE_FAMILY = "1,2";
			};
			name = Release;
		};
/* End XCBuildConfiguration section */

/* Begin XCConfigurationList section */
		44D3E92022C65EFF003D8586 /* Build configuration list for PBXProject "vkClient" */ = {
			isa = XCConfigurationList;
			buildConfigurations = (
				44D3E93522C65F03003D8586 /* Debug */,
				44D3E93622C65F03003D8586 /* Release */,
			);
			defaultConfigurationIsVisible = 0;
			defaultConfigurationName = Release;
		};
		44D3E93722C65F03003D8586 /* Build configuration list for PBXNativeTarget "vkClient" */ = {
			isa = XCConfigurationList;
			buildConfigurations = (
				44D3E93822C65F03003D8586 /* Debug */,
				44D3E93922C65F03003D8586 /* Release */,
			);
			defaultConfigurationIsVisible = 0;
			defaultConfigurationName = Release;
		};
/* End XCConfigurationList section */
	};
	rootObject = 44D3E91D22C65EFF003D8586 /* Project object */;
}
